
Microsoft Visual Studio Solution File, Format Version 12.00
# Visual Studio Version 17
VisualStudioVersion = 17.0.32126.317
MinimumVisualStudioVersion = 10.0.40219.1
Project("{FAE04EC0-301F-11D3-BF4B-00C04F79EFBC}") = "Shop", "Shop\Shop.csproj", "{2C4EEF87-C961-4526-9E9B-F14CB81A9CD0}"
EndProject
Global
	GlobalSection(SolutionConfigurationPlatforms) = preSolution
		Debug|Any CPU = Debug|Any CPU
		Release|Any CPU = Release|Any CPU
	EndGlobalSection
	GlobalSection(ProjectConfigurationPlatforms) = postSolution
		{2C4EEF87-C961-4526-9E9B-F14CB81A9CD0}.Debug|Any CPU.ActiveCfg = Debug|Any CPU
		{2C4EEF87-C961-4526-9E9B-F14CB81A9CD0}.Debug|Any CPU.Build.0 = Debug|Any CPU
		{2C4EEF87-C961-4526-9E9B-F14CB81A9CD0}.Release|Any CPU.ActiveCfg = Release|Any CPU
		{2C4EEF87-C961-4526-9E9B-F14CB81A9CD0}.Release|Any CPU.Build.0 = Release|Any CPU
	EndGlobalSection
	GlobalSection(SolutionProperties) = preSolution
		HideSolutionNode = FALSE
	EndGlobalSection
	GlobalSection(ExtensibilityGlobals) = postSolution
		SolutionGuid = {2A588C83-22F3-42BB-B2F3-61AF202BAC9E}
	EndGlobalSection
EndGlobal
